
Microsoft Visual Studio Solution File, Format Version 12.00
# Visual Studio Version 17
VisualStudioVersion = 17.1.32407.343
MinimumVisualStudioVersion = 10.0.40219.1
Project("{FAE04EC0-301F-11D3-BF4B-00C04F79EFBC}") = "AuthTest1", "AuthTest1\AuthTest1.csproj", "{28B8A8E1-2F28-4A3B-BB45-294192638D59}"
EndProject
Global
	GlobalSection(SolutionConfigurationPlatforms) = preSolution
		Debug|Any CPU = Debug|Any CPU
		Release|Any CPU = Release|Any CPU
	EndGlobalSection
	GlobalSection(ProjectConfigurationPlatforms) = postSolution
		{28B8A8E1-2F28-4A3B-BB45-294192638D59}.Debug|Any CPU.ActiveCfg = Debug|Any CPU
		{28B8A8E1-2F28-4A3B-BB45-294192638D59}.Debug|Any CPU.Build.0 = Debug|Any CPU
		{28B8A8E1-2F28-4A3B-BB45-294192638D59}.Release|Any CPU.ActiveCfg = Release|Any CPU
		{28B8A8E1-2F28-4A3B-BB45-294192638D59}.Release|Any CPU.Build.0 = Release|Any CPU
	EndGlobalSection
	GlobalSection(SolutionProperties) = preSolution
		HideSolutionNode = FALSE
	EndGlobalSection
	GlobalSection(ExtensibilityGlobals) = postSolution
		SolutionGuid = {38E88B5B-D511-4B37-A6E5-A98EB1A083B6}
	EndGlobalSection
EndGlobal
